
Microsoft Visual Studio Solution File, Format Version 12.00
# Visual Studio Version 17
VisualStudioVersion = 17.4.33213.308
MinimumVisualStudioVersion = 10.0.40219.1
Project("{FAE04EC0-301F-11D3-BF4B-00C04F79EFBC}") = "GelatoLock", "GelatoLock.csproj", "{34C13A61-1F5B-4860-A4C4-8339301AB540}"
EndProject
Global
	GlobalSection(SolutionConfigurationPlatforms) = preSolution
		Client|Any CPU = Client|Any CPU
		Client|x64 = Client|x64
		Debug|Any CPU = Debug|Any CPU
		Debug|x64 = Debug|x64
		Editor|Any CPU = Editor|Any CPU
		Editor|x64 = Editor|x64
		Release|Any CPU = Release|Any CPU
		Release|x64 = Release|x64
		Server|Any CPU = Server|Any CPU
		Server|x64 = Server|x64
	EndGlobalSection
	GlobalSection(ProjectConfigurationPlatforms) = postSolution
		{34C13A61-1F5B-4860-A4C4-8339301AB540}.Client|Any CPU.ActiveCfg = Client|x64
		{34C13A61-1F5B-4860-A4C4-8339301AB540}.Client|Any CPU.Build.0 = Client|x64
		{34C13A61-1F5B-4860-A4C4-8339301AB540}.Client|x64.ActiveCfg = Client|x64
		{34C13A61-1F5B-4860-A4C4-8339301AB540}.Client|x64.Build.0 = Client|x64
		{34C13A61-1F5B-4860-A4C4-8339301AB540}.Debug|Any CPU.ActiveCfg = Server|x64
		{34C13A61-1F5B-4860-A4C4-8339301AB540}.Debug|Any CPU.Build.0 = Server|x64
		{34C13A61-1F5B-4860-A4C4-8339301AB540}.Debug|x64.ActiveCfg = Server|x64
		{34C13A61-1F5B-4860-A4C4-8339301AB540}.Debug|x64.Build.0 = Server|x64
		{34C13A61-1F5B-4860-A4C4-8339301AB540}.Editor|Any CPU.ActiveCfg = Editor|x64
		{34C13A61-1F5B-4860-A4C4-8339301AB540}.Editor|Any CPU.Build.0 = Editor|x64
		{34C13A61-1F5B-4860-A4C4-8339301AB540}.Editor|x64.ActiveCfg = Editor|x64
		{34C13A61-1F5B-4860-A4C4-8339301AB540}.Editor|x64.Build.0 = Editor|x64
		{34C13A61-1F5B-4860-A4C4-8339301AB540}.Release|Any CPU.ActiveCfg = Server|x64
		{34C13A61-1F5B-4860-A4C4-8339301AB540}.Release|Any CPU.Build.0 = Server|x64
		{34C13A61-1F5B-4860-A4C4-8339301AB540}.Release|x64.ActiveCfg = Server|x64
		{34C13A61-1F5B-4860-A4C4-8339301AB540}.Release|x64.Build.0 = Server|x64
		{34C13A61-1F5B-4860-A4C4-8339301AB540}.Server|Any CPU.ActiveCfg = Server|x64
		{34C13A61-1F5B-4860-A4C4-8339301AB540}.Server|Any CPU.Build.0 = Server|x64
		{34C13A61-1F5B-4860-A4C4-8339301AB540}.Server|x64.ActiveCfg = Server|x64
		{34C13A61-1F5B-4860-A4C4-8339301AB540}.Server|x64.Build.0 = Server|x64
	EndGlobalSection
	GlobalSection(SolutionProperties) = preSolution
		HideSolutionNode = FALSE
	EndGlobalSection
	GlobalSection(ExtensibilityGlobals) = postSolution
		SolutionGuid = {D78C61A2-6143-4939-AF43-0B65DD3A47B8}
	EndGlobalSection
EndGlobal
